
Microsoft Visual Studio Solution File, Format Version 12.00
# Visual Studio Version 16
VisualStudioVersion = 16.0.31112.23
MinimumVisualStudioVersion = 10.0.40219.1
Project("{FAE04EC0-301F-11D3-BF4B-00C04F79EFBC}") = "TestAuto", "TestAuto\TestAuto.csproj", "{FB742CEF-BFA4-408F-B36E-9D1463BA922A}"
EndProject
Global
	GlobalSection(SolutionConfigurationPlatforms) = preSolution
		Debug|Any CPU = Debug|Any CPU
		Release|Any CPU = Release|Any CPU
	EndGlobalSection
	GlobalSection(ProjectConfigurationPlatforms) = postSolution
		{FB742CEF-BFA4-408F-B36E-9D1463BA922A}.Debug|Any CPU.ActiveCfg = Debug|Any CPU
		{FB742CEF-BFA4-408F-B36E-9D1463BA922A}.Debug|Any CPU.Build.0 = Debug|Any CPU
		{FB742CEF-BFA4-408F-B36E-9D1463BA922A}.Release|Any CPU.ActiveCfg = Release|Any CPU
		{FB742CEF-BFA4-408F-B36E-9D1463BA922A}.Release|Any CPU.Build.0 = Release|Any CPU
	EndGlobalSection
	GlobalSection(SolutionProperties) = preSolution
		HideSolutionNode = FALSE
	EndGlobalSection
	GlobalSection(ExtensibilityGlobals) = postSolution
		SolutionGuid = {0086A9E8-F60B-4752-88D0-6DB34CEB62F0}
	EndGlobalSection
EndGlobal
